
Microsoft Visual Studio Solution File, Format Version 12.00
# Visual Studio Version 16
VisualStudioVersion = 16.0.33423.256
MinimumVisualStudioVersion = 10.0.40219.1
Project("{FAE04EC0-301F-11D3-BF4B-00C04F79EFBC}") = "Problema_da_competição_alien", "Problema_da_competição_alien\Problema_da_competição_alien.csproj", "{DA8CBA8A-AE8D-4BBD-9B86-11E0788E75DF}"
EndProject
Global
	GlobalSection(SolutionConfigurationPlatforms) = preSolution
		Debug|Any CPU = Debug|Any CPU
		Release|Any CPU = Release|Any CPU
	EndGlobalSection
	GlobalSection(ProjectConfigurationPlatforms) = postSolution
		{DA8CBA8A-AE8D-4BBD-9B86-11E0788E75DF}.Debug|Any CPU.ActiveCfg = Debug|Any CPU
		{DA8CBA8A-AE8D-4BBD-9B86-11E0788E75DF}.Debug|Any CPU.Build.0 = Debug|Any CPU
		{DA8CBA8A-AE8D-4BBD-9B86-11E0788E75DF}.Release|Any CPU.ActiveCfg = Release|Any CPU
		{DA8CBA8A-AE8D-4BBD-9B86-11E0788E75DF}.Release|Any CPU.Build.0 = Release|Any CPU
	EndGlobalSection
	GlobalSection(SolutionProperties) = preSolution
		HideSolutionNode = FALSE
	EndGlobalSection
	GlobalSection(ExtensibilityGlobals) = postSolution
		SolutionGuid = {B3809D59-6670-48F2-88C9-3CF82B2407C7}
	EndGlobalSection
EndGlobal
